// !$*UTF8*$!
{
	archiveVersion = 1;
	classes = {
	};
	objectVersion = 50;
	objects = {

/* Begin PBXBuildFile section */
		270B1AA32670DB9B00CD6605 /* UserDefaultsStore.swift in Sources */ = {isa = PBXBuildFile; fileRef = 270B1AA22670DB9B00CD6605 /* UserDefaultsStore.swift */; };
		270B1AA52670E0AF00CD6605 /* MainScreenViewModel.swift in Sources */ = {isa = PBXBuildFile; fileRef = 270B1AA42670E0AF00CD6605 /* MainScreenViewModel.swift */; };
		270B1AA92670E2E200CD6605 /* Faculty.swift in Sources */ = {isa = PBXBuildFile; fileRef = 270B1AA82670E2E200CD6605 /* Faculty.swift */; };
		270B1AAB2670E9D000CD6605 /* SearchTableViewHeader.swift in Sources */ = {isa = PBXBuildFile; fileRef = 270B1AAA2670E9D000CD6605 /* SearchTableViewHeader.swift */; };
		270B1AAE2670EDB600CD6605 /* FacultyData.swift in Sources */ = {isa = PBXBuildFile; fileRef = 270B1AAD2670EDB600CD6605 /* FacultyData.swift */; };
		270B1AB02670F84000CD6605 /* TestListViewModel.swift in Sources */ = {isa = PBXBuildFile; fileRef = 270B1AAF2670F84000CD6605 /* TestListViewModel.swift */; };
		271579BA262C59B600A152CF /* localizable.strings in Resources */ = {isa = PBXBuildFile; fileRef = 271579BC262C59B600A152CF /* localizable.strings */; };
		271746F92612182B003FA54F /* R.generated.swift in Sources */ = {isa = PBXBuildFile; fileRef = 271746F82612182B003FA54F /* R.generated.swift */; };
		274D36C226778ED700EFD5B5 /* TestData.swift in Sources */ = {isa = PBXBuildFile; fileRef = 274D36C126778ED700EFD5B5 /* TestData.swift */; };
		274D36C426778FE200EFD5B5 /* TestQuestionData.swift in Sources */ = {isa = PBXBuildFile; fileRef = 274D36C326778FE200EFD5B5 /* TestQuestionData.swift */; };
		274D36C62677916A00EFD5B5 /* TestAnswerData.swift in Sources */ = {isa = PBXBuildFile; fileRef = 274D36C52677916A00EFD5B5 /* TestAnswerData.swift */; };
		274D36C82677922700EFD5B5 /* SpecialtyData.swift in Sources */ = {isa = PBXBuildFile; fileRef = 274D36C72677922700EFD5B5 /* SpecialtyData.swift */; };
		274D36CA2677961700EFD5B5 /* Test.swift in Sources */ = {isa = PBXBuildFile; fileRef = 274D36C92677961700EFD5B5 /* Test.swift */; };
		274D36CC267796C700EFD5B5 /* TestQuestion.swift in Sources */ = {isa = PBXBuildFile; fileRef = 274D36CB267796C700EFD5B5 /* TestQuestion.swift */; };
		274D36CE2677984600EFD5B5 /* TestAnswer.swift in Sources */ = {isa = PBXBuildFile; fileRef = 274D36CD2677984600EFD5B5 /* TestAnswer.swift */; };
		274D36D0267799C800EFD5B5 /* Specialty.swift in Sources */ = {isa = PBXBuildFile; fileRef = 274D36CF267799C800EFD5B5 /* Specialty.swift */; };
		274D36D22677A50500EFD5B5 /* FacultyDescriptionViewModel.swift in Sources */ = {isa = PBXBuildFile; fileRef = 274D36D12677A50500EFD5B5 /* FacultyDescriptionViewModel.swift */; };
		27564AC82610C64900754BA2 /* AppDelegate.swift in Sources */ = {isa = PBXBuildFile; fileRef = 27564AC72610C64900754BA2 /* AppDelegate.swift */; };
		27564ACC2610C64900754BA2 /* WelcomeScreenViewController.swift in Sources */ = {isa = PBXBuildFile; fileRef = 27564ACB2610C64900754BA2 /* WelcomeScreenViewController.swift */; };
		27564ACF2610C64900754BA2 /* Main.storyboard in Resources */ = {isa = PBXBuildFile; fileRef = 27564ACD2610C64900754BA2 /* Main.storyboard */; };
		27564AD12610C64A00754BA2 /* Assets.xcassets in Resources */ = {isa = PBXBuildFile; fileRef = 27564AD02610C64A00754BA2 /* Assets.xcassets */; };
		27564AD42610C64A00754BA2 /* LaunchScreen.storyboard in Resources */ = {isa = PBXBuildFile; fileRef = 27564AD22610C64A00754BA2 /* LaunchScreen.storyboard */; };
		27564ADF2610C64A00754BA2 /* BTestsTests.swift in Sources */ = {isa = PBXBuildFile; fileRef = 27564ADE2610C64A00754BA2 /* BTestsTests.swift */; };
		27564AEA2610C64A00754BA2 /* BTestsUITests.swift in Sources */ = {isa = PBXBuildFile; fileRef = 27564AE92610C64A00754BA2 /* BTestsUITests.swift */; };
		27712C0C266FB63400D3B504 /* API.swift in Sources */ = {isa = PBXBuildFile; fileRef = 27712C0B266FB63400D3B504 /* API.swift */; };
		27866408264C6CA100E9988E /* FloatLabeledTextField.swift in Sources */ = {isa = PBXBuildFile; fileRef = 27866407264C6CA100E9988E /* FloatLabeledTextField.swift */; };
		278B16DD26593AF600431FFF /* SpecialtyTableViewCell.swift in Sources */ = {isa = PBXBuildFile; fileRef = 278B16DC26593AF600431FFF /* SpecialtyTableViewCell.swift */; };
		27A3E6F4263B1CCE001509C8 /* TestDescriptionView.swift in Sources */ = {isa = PBXBuildFile; fileRef = 27A3E6F3263B1CCE001509C8 /* TestDescriptionView.swift */; };
		27A3E702263B27A7001509C8 /* TestCardView.swift in Sources */ = {isa = PBXBuildFile; fileRef = 27A3E701263B27A7001509C8 /* TestCardView.swift */; };
		27AC78722649314E00B769BA /* LastCardCollectionViewCell.swift in Sources */ = {isa = PBXBuildFile; fileRef = 27AC78712649314E00B769BA /* LastCardCollectionViewCell.swift */; };
		27AC78BB2649367600B769BA /* ReuseIdentifiable.swift in Sources */ = {isa = PBXBuildFile; fileRef = 27AC78BA2649367600B769BA /* ReuseIdentifiable.swift */; };
		27AC78C3264936B200B769BA /* UICollectionView+Generics.swift in Sources */ = {isa = PBXBuildFile; fileRef = 27AC78C2264936B200B769BA /* UICollectionView+Generics.swift */; };
		27B1DB2126260DB20082D58A /* CardStackView.swift in Sources */ = {isa = PBXBuildFile; fileRef = 27B1DB2026260DB20082D58A /* CardStackView.swift */; };
		27B1DB2626260E810082D58A /* CardView.swift in Sources */ = {isa = PBXBuildFile; fileRef = 27B1DB2526260E810082D58A /* CardView.swift */; };
		27C4BEC52645695200618282 /* TestResultView.swift in Sources */ = {isa = PBXBuildFile; fileRef = 27C4BEC42645695200618282 /* TestResultView.swift */; };
		27CD677826637E6200462426 /* GradientedView.swift in Sources */ = {isa = PBXBuildFile; fileRef = 27CD677726637E6200462426 /* GradientedView.swift */; };
		27DD0423264983CA00E9C265 /* AuthorizationView.swift in Sources */ = {isa = PBXBuildFile; fileRef = 27DD0422264983CA00E9C265 /* AuthorizationView.swift */; };
		27ED5BAF263EFC1900D07866 /* TestView.swift in Sources */ = {isa = PBXBuildFile; fileRef = 27ED5BAE263EFC1900D07866 /* TestView.swift */; };
		27ED5BB5263EFDD100D07866 /* QuestionCardCollectionViewCell.swift in Sources */ = {isa = PBXBuildFile; fileRef = 27ED5BB4263EFDD100D07866 /* QuestionCardCollectionViewCell.swift */; };
		27F1D1922677EA3E00EBA0E1 /* AuthorizationViewModel.swift in Sources */ = {isa = PBXBuildFile; fileRef = 27F1D1912677EA3E00EBA0E1 /* AuthorizationViewModel.swift */; };
		27F1D1942677EA8E00EBA0E1 /* AuthorizationBuilder.swift in Sources */ = {isa = PBXBuildFile; fileRef = 27F1D1932677EA8E00EBA0E1 /* AuthorizationBuilder.swift */; };
		27F1D1962677EB7600EBA0E1 /* AuthorizationContract.swift in Sources */ = {isa = PBXBuildFile; fileRef = 27F1D1952677EB7600EBA0E1 /* AuthorizationContract.swift */; };
		27F1D1982677EC5600EBA0E1 /* AuthorizationRouter.swift in Sources */ = {isa = PBXBuildFile; fileRef = 27F1D1972677EC5600EBA0E1 /* AuthorizationRouter.swift */; };
		27F1D19B267895DB00EBA0E1 /* MainScreenContract.swift in Sources */ = {isa = PBXBuildFile; fileRef = 27F1D19A267895DB00EBA0E1 /* MainScreenContract.swift */; };
		27F1D19D267896BF00EBA0E1 /* MainScreenBuilder.swift in Sources */ = {isa = PBXBuildFile; fileRef = 27F1D19C267896BF00EBA0E1 /* MainScreenBuilder.swift */; };
		27F1D19F2678974900EBA0E1 /* MainScreenRouter.swift in Sources */ = {isa = PBXBuildFile; fileRef = 27F1D19E2678974900EBA0E1 /* MainScreenRouter.swift */; };
		27F1D1A226789A3B00EBA0E1 /* TestListContract.swift in Sources */ = {isa = PBXBuildFile; fileRef = 27F1D1A126789A3B00EBA0E1 /* TestListContract.swift */; };
		27F1D1A426789B0F00EBA0E1 /* TestListBuilder.swift in Sources */ = {isa = PBXBuildFile; fileRef = 27F1D1A326789B0F00EBA0E1 /* TestListBuilder.swift */; };
		27F1D1A626789BF200EBA0E1 /* TestListRouter.swift in Sources */ = {isa = PBXBuildFile; fileRef = 27F1D1A526789BF200EBA0E1 /* TestListRouter.swift */; };
		27F1D1A82678C4A800EBA0E1 /* TestDescriptionBuilder.swift in Sources */ = {isa = PBXBuildFile; fileRef = 27F1D1A72678C4A800EBA0E1 /* TestDescriptionBuilder.swift */; };
		27F1D1AA2678C4BC00EBA0E1 /* TestDescriptionContract.swift in Sources */ = {isa = PBXBuildFile; fileRef = 27F1D1A92678C4BC00EBA0E1 /* TestDescriptionContract.swift */; };
		27F1D1AC2678C4D100EBA0E1 /* TestDescriptionRouter.swift in Sources */ = {isa = PBXBuildFile; fileRef = 27F1D1AB2678C4D100EBA0E1 /* TestDescriptionRouter.swift */; };
		27F1D1AE2678C4DC00EBA0E1 /* TestDescriptionViewModel.swift in Sources */ = {isa = PBXBuildFile; fileRef = 27F1D1AD2678C4DC00EBA0E1 /* TestDescriptionViewModel.swift */; };
		27F1D1B12678C75500EBA0E1 /* TestViewModel.swift in Sources */ = {isa = PBXBuildFile; fileRef = 27F1D1B02678C75500EBA0E1 /* TestViewModel.swift */; };
		27F1D1B32678C75F00EBA0E1 /* TestContract.swift in Sources */ = {isa = PBXBuildFile; fileRef = 27F1D1B22678C75F00EBA0E1 /* TestContract.swift */; };
		27F1D1B52678C77000EBA0E1 /* TestBuilder.swift in Sources */ = {isa = PBXBuildFile; fileRef = 27F1D1B42678C77000EBA0E1 /* TestBuilder.swift */; };
		27F1D1B72678C78C00EBA0E1 /* TestRouter.swift in Sources */ = {isa = PBXBuildFile; fileRef = 27F1D1B62678C78C00EBA0E1 /* TestRouter.swift */; };
		27F1D1B92678CA4200EBA0E1 /* TestResultViewModel.swift in Sources */ = {isa = PBXBuildFile; fileRef = 27F1D1B82678CA4200EBA0E1 /* TestResultViewModel.swift */; };
		27F1D1BB2678CA4F00EBA0E1 /* TestResultContract.swift in Sources */ = {isa = PBXBuildFile; fileRef = 27F1D1BA2678CA4F00EBA0E1 /* TestResultContract.swift */; };
		27F1D1BD2678CA5E00EBA0E1 /* TestResultBuilder.swift in Sources */ = {isa = PBXBuildFile; fileRef = 27F1D1BC2678CA5E00EBA0E1 /* TestResultBuilder.swift */; };
		27F1D1BF2678CA6700EBA0E1 /* TestResultRouter.swift in Sources */ = {isa = PBXBuildFile; fileRef = 27F1D1BE2678CA6700EBA0E1 /* TestResultRouter.swift */; };
		27F1D1C12678CC4300EBA0E1 /* FacultDescriptionContract.swift in Sources */ = {isa = PBXBuildFile; fileRef = 27F1D1C02678CC4300EBA0E1 /* FacultDescriptionContract.swift */; };
		27F1D1C42678CC6A00EBA0E1 /* FacultyDescritionBuilder.swift in Sources */ = {isa = PBXBuildFile; fileRef = 27F1D1C32678CC6A00EBA0E1 /* FacultyDescritionBuilder.swift */; };
		27F1D1C72678CC9400EBA0E1 /* FacultyDescriptionRouter.swift in Sources */ = {isa = PBXBuildFile; fileRef = 27F1D1C62678CC9400EBA0E1 /* FacultyDescriptionRouter.swift */; };
		27F1D1C92678D7AD00EBA0E1 /* SpecialtyDesctiptionViewModel.swift in Sources */ = {isa = PBXBuildFile; fileRef = 27F1D1C82678D7AD00EBA0E1 /* SpecialtyDesctiptionViewModel.swift */; };
		27F1D1CB2678D7C100EBA0E1 /* SpecialtyDescriptionBuilder.swift in Sources */ = {isa = PBXBuildFile; fileRef = 27F1D1CA2678D7C100EBA0E1 /* SpecialtyDescriptionBuilder.swift */; };
		27F1D1CD2678D7D100EBA0E1 /* SpecialtyDescriptionContract.swift in Sources */ = {isa = PBXBuildFile; fileRef = 27F1D1CC2678D7D100EBA0E1 /* SpecialtyDescriptionContract.swift */; };
		27F633B02652BABB0009CB05 /* FacultyDescriptionView.swift in Sources */ = {isa = PBXBuildFile; fileRef = 27F633AF2652BABB0009CB05 /* FacultyDescriptionView.swift */; };
		27F633B22652C11D0009CB05 /* SpecialtyDescriptionView.swift in Sources */ = {isa = PBXBuildFile; fileRef = 27F633B12652C11D0009CB05 /* SpecialtyDescriptionView.swift */; };
		27FD0454264FFD7E0045ABA6 /* TestListView.swift in Sources */ = {isa = PBXBuildFile; fileRef = 27FD0453264FFD7E0045ABA6 /* TestListView.swift */; };
		27FD0456264FFF860045ABA6 /* TestTableViewCell.swift in Sources */ = {isa = PBXBuildFile; fileRef = 27FD0455264FFF860045ABA6 /* TestTableViewCell.swift */; };
		27FD0458265003D50045ABA6 /* UITableView+Generics.swift in Sources */ = {isa = PBXBuildFile; fileRef = 27FD0457265003D50045ABA6 /* UITableView+Generics.swift */; };
		27FD045B2650487D0045ABA6 /* MainScreenView.swift in Sources */ = {isa = PBXBuildFile; fileRef = 27FD045A2650487D0045ABA6 /* MainScreenView.swift */; };
		27FD045D265051AA0045ABA6 /* FacultyCardCollectionViewCell.swift in Sources */ = {isa = PBXBuildFile; fileRef = 27FD045C265051AA0045ABA6 /* FacultyCardCollectionViewCell.swift */; };
		42A9F661C5F2769604CFAE18 /* libPods-BTestsTests.a in Frameworks */ = {isa = PBXBuildFile; fileRef = B6AAA1E1AA055E39538A7FCD /* libPods-BTestsTests.a */; };
		AC05F06B91B7338C86E132C8 /* libPods-BTests.a in Frameworks */ = {isa = PBXBuildFile; fileRef = 97D1CEAA19F1B3747BD9B27F /* libPods-BTests.a */; };
		EF0E343A22501E777C32D4E0 /* libPods-BTests-BTestsUITests.a in Frameworks */ = {isa = PBXBuildFile; fileRef = 45C2435C76B6B18ADCFB88C4 /* libPods-BTests-BTestsUITests.a */; };
/* End PBXBuildFile section */

/* Begin PBXContainerItemProxy section */
		27564ADB2610C64A00754BA2 /* PBXContainerItemProxy */ = {
			isa = PBXContainerItemProxy;
			containerPortal = 27564ABC2610C64900754BA2 /* Project object */;
			proxyType = 1;
			remoteGlobalIDString = 27564AC32610C64900754BA2;
			remoteInfo = BTests;
		};
		27564AE62610C64A00754BA2 /* PBXContainerItemProxy */ = {
			isa = PBXContainerItemProxy;
			containerPortal = 27564ABC2610C64900754BA2 /* Project object */;
			proxyType = 1;
			remoteGlobalIDString = 27564AC32610C64900754BA2;
			remoteInfo = BTests;
		};
/* End PBXContainerItemProxy section */

/* Begin PBXFileReference section */
		0D88B071E4FE807E65959538 /* Pods-BTests-BTestsUITests.release.xcconfig */ = {isa = PBXFileReference; includeInIndex = 1; lastKnownFileType = text.xcconfig; name = "Pods-BTests-BTestsUITests.release.xcconfig"; path = "Target Support Files/Pods-BTests-BTestsUITests/Pods-BTests-BTestsUITests.release.xcconfig"; sourceTree = "<group>"; };
		270B1AA22670DB9B00CD6605 /* UserDefaultsStore.swift */ = {isa = PBXFileReference; lastKnownFileType = sourcecode.swift; path = UserDefaultsStore.swift; sourceTree = "<group>"; };
		270B1AA42670E0AF00CD6605 /* MainScreenViewModel.swift */ = {isa = PBXFileReference; lastKnownFileType = sourcecode.swift; path = MainScreenViewModel.swift; sourceTree = "<group>"; };
		270B1AA82670E2E200CD6605 /* Faculty.swift */ = {isa = PBXFileReference; lastKnownFileType = sourcecode.swift; path = Faculty.swift; sourceTree = "<group>"; };
		270B1AAA2670E9D000CD6605 /* SearchTableViewHeader.swift */ = {isa = PBXFileReference; lastKnownFileType = sourcecode.swift; path = SearchTableViewHeader.swift; sourceTree = "<group>"; };
		270B1AAD2670EDB600CD6605 /* FacultyData.swift */ = {isa = PBXFileReference; lastKnownFileType = sourcecode.swift; path = FacultyData.swift; sourceTree = "<group>"; };
		270B1AAF2670F84000CD6605 /* TestListViewModel.swift */ = {isa = PBXFileReference; lastKnownFileType = sourcecode.swift; path = TestListViewModel.swift; sourceTree = "<group>"; };
		271579BB262C59B600A152CF /* en */ = {isa = PBXFileReference; lastKnownFileType = text.plist.strings; name = en; path = en.lproj/localizable.strings; sourceTree = "<group>"; };
		271579C6262C5AB500A152CF /* ru-BY */ = {isa = PBXFileReference; lastKnownFileType = text.plist.strings; name = "ru-BY"; path = "ru-BY.lproj/Main.strings"; sourceTree = "<group>"; };
		271579C7262C5AB500A152CF /* ru-BY */ = {isa = PBXFileReference; lastKnownFileType = text.plist.strings; name = "ru-BY"; path = "ru-BY.lproj/LaunchScreen.strings"; sourceTree = "<group>"; };
		271579C8262C5AB600A152CF /* ru-BY */ = {isa = PBXFileReference; lastKnownFileType = text.plist.strings; name = "ru-BY"; path = "ru-BY.lproj/localizable.strings"; sourceTree = "<group>"; };
		271746F82612182B003FA54F /* R.generated.swift */ = {isa = PBXFileReference; fileEncoding = 4; lastKnownFileType = sourcecode.swift; path = R.generated.swift; sourceTree = SOURCE_ROOT; };
		274D36C126778ED700EFD5B5 /* TestData.swift */ = {isa = PBXFileReference; lastKnownFileType = sourcecode.swift; path = TestData.swift; sourceTree = "<group>"; };
		274D36C326778FE200EFD5B5 /* TestQuestionData.swift */ = {isa = PBXFileReference; lastKnownFileType = sourcecode.swift; path = TestQuestionData.swift; sourceTree = "<group>"; };
		274D36C52677916A00EFD5B5 /* TestAnswerData.swift */ = {isa = PBXFileReference; lastKnownFileType = sourcecode.swift; path = TestAnswerData.swift; sourceTree = "<group>"; };
		274D36C72677922700EFD5B5 /* SpecialtyData.swift */ = {isa = PBXFileReference; lastKnownFileType = sourcecode.swift; path = SpecialtyData.swift; sourceTree = "<group>"; };
		274D36C92677961700EFD5B5 /* Test.swift */ = {isa = PBXFileReference; lastKnownFileType = sourcecode.swift; path = Test.swift; sourceTree = "<group>"; };
		274D36CB267796C700EFD5B5 /* TestQuestion.swift */ = {isa = PBXFileReference; lastKnownFileType = sourcecode.swift; path = TestQuestion.swift; sourceTree = "<group>"; };
		274D36CD2677984600EFD5B5 /* TestAnswer.swift */ = {isa = PBXFileReference; lastKnownFileType = sourcecode.swift; path = TestAnswer.swift; sourceTree = "<group>"; };
		274D36CF267799C800EFD5B5 /* Specialty.swift */ = {isa = PBXFileReference; lastKnownFileType = sourcecode.swift; path = Specialty.swift; sourceTree = "<group>"; };
		274D36D12677A50500EFD5B5 /* FacultyDescriptionViewModel.swift */ = {isa = PBXFileReference; lastKnownFileType = sourcecode.swift; path = FacultyDescriptionViewModel.swift; sourceTree = "<group>"; };
		27564AC42610C64900754BA2 /* BTests.app */ = {isa = PBXFileReference; explicitFileType = wrapper.application; includeInIndex = 0; path = BTests.app; sourceTree = BUILT_PRODUCTS_DIR; };
		27564AC72610C64900754BA2 /* AppDelegate.swift */ = {isa = PBXFileReference; lastKnownFileType = sourcecode.swift; path = AppDelegate.swift; sourceTree = "<group>"; };
		27564ACB2610C64900754BA2 /* WelcomeScreenViewController.swift */ = {isa = PBXFileReference; lastKnownFileType = sourcecode.swift; path = WelcomeScreenViewController.swift; sourceTree = "<group>"; };
		27564ACE2610C64900754BA2 /* Base */ = {isa = PBXFileReference; lastKnownFileType = file.storyboard; name = Base; path = Base.lproj/Main.storyboard; sourceTree = "<group>"; };
		27564AD02610C64A00754BA2 /* Assets.xcassets */ = {isa = PBXFileReference; lastKnownFileType = folder.assetcatalog; path = Assets.xcassets; sourceTree = "<group>"; };
		27564AD32610C64A00754BA2 /* Base */ = {isa = PBXFileReference; lastKnownFileType = file.storyboard; name = Base; path = Base.lproj/LaunchScreen.storyboard; sourceTree = "<group>"; };
		27564AD52610C64A00754BA2 /* Info.plist */ = {isa = PBXFileReference; lastKnownFileType = text.plist.xml; path = Info.plist; sourceTree = "<group>"; };
		27564ADA2610C64A00754BA2 /* BTestsTests.xctest */ = {isa = PBXFileReference; explicitFileType = wrapper.cfbundle; includeInIndex = 0; path = BTestsTests.xctest; sourceTree = BUILT_PRODUCTS_DIR; };
		27564ADE2610C64A00754BA2 /* BTestsTests.swift */ = {isa = PBXFileReference; lastKnownFileType = sourcecode.swift; path = BTestsTests.swift; sourceTree = "<group>"; };
		27564AE02610C64A00754BA2 /* Info.plist */ = {isa = PBXFileReference; lastKnownFileType = text.plist.xml; path = Info.plist; sourceTree = "<group>"; };
		27564AE52610C64A00754BA2 /* BTestsUITests.xctest */ = {isa = PBXFileReference; explicitFileType = wrapper.cfbundle; includeInIndex = 0; path = BTestsUITests.xctest; sourceTree = BUILT_PRODUCTS_DIR; };
		27564AE92610C64A00754BA2 /* BTestsUITests.swift */ = {isa = PBXFileReference; lastKnownFileType = sourcecode.swift; path = BTestsUITests.swift; sourceTree = "<group>"; };
		27564AEB2610C64A00754BA2 /* Info.plist */ = {isa = PBXFileReference; lastKnownFileType = text.plist.xml; path = Info.plist; sourceTree = "<group>"; };
		27712C0B266FB63400D3B504 /* API.swift */ = {isa = PBXFileReference; lastKnownFileType = sourcecode.swift; path = API.swift; sourceTree = "<group>"; };
		27866407264C6CA100E9988E /* FloatLabeledTextField.swift */ = {isa = PBXFileReference; lastKnownFileType = sourcecode.swift; path = FloatLabeledTextField.swift; sourceTree = "<group>"; };
		278B16DC26593AF600431FFF /* SpecialtyTableViewCell.swift */ = {isa = PBXFileReference; lastKnownFileType = sourcecode.swift; path = SpecialtyTableViewCell.swift; sourceTree = "<group>"; };
		27A3E6F3263B1CCE001509C8 /* TestDescriptionView.swift */ = {isa = PBXFileReference; lastKnownFileType = sourcecode.swift; path = TestDescriptionView.swift; sourceTree = "<group>"; };
		27A3E701263B27A7001509C8 /* TestCardView.swift */ = {isa = PBXFileReference; lastKnownFileType = sourcecode.swift; path = TestCardView.swift; sourceTree = "<group>"; };
		27AC78712649314E00B769BA /* LastCardCollectionViewCell.swift */ = {isa = PBXFileReference; lastKnownFileType = sourcecode.swift; path = LastCardCollectionViewCell.swift; sourceTree = "<group>"; };
		27AC78BA2649367600B769BA /* ReuseIdentifiable.swift */ = {isa = PBXFileReference; lastKnownFileType = sourcecode.swift; path = ReuseIdentifiable.swift; sourceTree = "<group>"; };
		27AC78C2264936B200B769BA /* UICollectionView+Generics.swift */ = {isa = PBXFileReference; lastKnownFileType = sourcecode.swift; path = "UICollectionView+Generics.swift"; sourceTree = "<group>"; };
		27B1DB2026260DB20082D58A /* CardStackView.swift */ = {isa = PBXFileReference; lastKnownFileType = sourcecode.swift; path = CardStackView.swift; sourceTree = "<group>"; };
		27B1DB2526260E810082D58A /* CardView.swift */ = {isa = PBXFileReference; lastKnownFileType = sourcecode.swift; path = CardView.swift; sourceTree = "<group>"; };
		27C4BEC42645695200618282 /* TestResultView.swift */ = {isa = PBXFileReference; lastKnownFileType = sourcecode.swift; path = TestResultView.swift; sourceTree = "<group>"; };
		27CD677726637E6200462426 /* GradientedView.swift */ = {isa = PBXFileReference; lastKnownFileType = sourcecode.swift; path = GradientedView.swift; sourceTree = "<group>"; };
		27DD0422264983CA00E9C265 /* AuthorizationView.swift */ = {isa = PBXFileReference; lastKnownFileType = sourcecode.swift; path = AuthorizationView.swift; sourceTree = "<group>"; };
		27ED5BAE263EFC1900D07866 /* TestView.swift */ = {isa = PBXFileReference; lastKnownFileType = sourcecode.swift; path = TestView.swift; sourceTree = "<group>"; };
		27ED5BB4263EFDD100D07866 /* QuestionCardCollectionViewCell.swift */ = {isa = PBXFileReference; lastKnownFileType = sourcecode.swift; path = QuestionCardCollectionViewCell.swift; sourceTree = "<group>"; };
		27F1D1912677EA3E00EBA0E1 /* AuthorizationViewModel.swift */ = {isa = PBXFileReference; lastKnownFileType = sourcecode.swift; path = AuthorizationViewModel.swift; sourceTree = "<group>"; };
		27F1D1932677EA8E00EBA0E1 /* AuthorizationBuilder.swift */ = {isa = PBXFileReference; lastKnownFileType = sourcecode.swift; path = AuthorizationBuilder.swift; sourceTree = "<group>"; };
		27F1D1952677EB7600EBA0E1 /* AuthorizationContract.swift */ = {isa = PBXFileReference; lastKnownFileType = sourcecode.swift; path = AuthorizationContract.swift; sourceTree = "<group>"; };
		27F1D1972677EC5600EBA0E1 /* AuthorizationRouter.swift */ = {isa = PBXFileReference; lastKnownFileType = sourcecode.swift; path = AuthorizationRouter.swift; sourceTree = "<group>"; };
		27F1D19A267895DB00EBA0E1 /* MainScreenContract.swift */ = {isa = PBXFileReference; lastKnownFileType = sourcecode.swift; path = MainScreenContract.swift; sourceTree = "<group>"; };
		27F1D19C267896BF00EBA0E1 /* MainScreenBuilder.swift */ = {isa = PBXFileReference; lastKnownFileType = sourcecode.swift; path = MainScreenBuilder.swift; sourceTree = "<group>"; };
		27F1D19E2678974900EBA0E1 /* MainScreenRouter.swift */ = {isa = PBXFileReference; lastKnownFileType = sourcecode.swift; path = MainScreenRouter.swift; sourceTree = "<group>"; };
		27F1D1A126789A3B00EBA0E1 /* TestListContract.swift */ = {isa = PBXFileReference; lastKnownFileType = sourcecode.swift; path = TestListContract.swift; sourceTree = "<group>"; };
		27F1D1A326789B0F00EBA0E1 /* TestListBuilder.swift */ = {isa = PBXFileReference; lastKnownFileType = sourcecode.swift; path = TestListBuilder.swift; sourceTree = "<group>"; };
		27F1D1A526789BF200EBA0E1 /* TestListRouter.swift */ = {isa = PBXFileReference; lastKnownFileType = sourcecode.swift; path = TestListRouter.swift; sourceTree = "<group>"; };
		27F1D1A72678C4A800EBA0E1 /* TestDescriptionBuilder.swift */ = {isa = PBXFileReference; lastKnownFileType = sourcecode.swift; path = TestDescriptionBuilder.swift; sourceTree = "<group>"; };
		27F1D1A92678C4BC00EBA0E1 /* TestDescriptionContract.swift */ = {isa = PBXFileReference; lastKnownFileType = sourcecode.swift; path = TestDescriptionContract.swift; sourceTree = "<group>"; };
		27F1D1AB2678C4D100EBA0E1 /* TestDescriptionRouter.swift */ = {isa = PBXFileReference; lastKnownFileType = sourcecode.swift; path = TestDescriptionRouter.swift; sourceTree = "<group>"; };
		27F1D1AD2678C4DC00EBA0E1 /* TestDescriptionViewModel.swift */ = {isa = PBXFileReference; lastKnownFileType = sourcecode.swift; path = TestDescriptionViewModel.swift; sourceTree = "<group>"; };
		27F1D1B02678C75500EBA0E1 /* TestViewModel.swift */ = {isa = PBXFileReference; lastKnownFileType = sourcecode.swift; path = TestViewModel.swift; sourceTree = "<group>"; };
		27F1D1B22678C75F00EBA0E1 /* TestContract.swift */ = {isa = PBXFileReference; lastKnownFileType = sourcecode.swift; path = TestContract.swift; sourceTree = "<group>"; };
		27F1D1B42678C77000EBA0E1 /* TestBuilder.swift */ = {isa = PBXFileReference; lastKnownFileType = sourcecode.swift; path = TestBuilder.swift; sourceTree = "<group>"; };
		27F1D1B62678C78C00EBA0E1 /* TestRouter.swift */ = {isa = PBXFileReference; lastKnownFileType = sourcecode.swift; path = TestRouter.swift; sourceTree = "<group>"; };
		27F1D1B82678CA4200EBA0E1 /* TestResultViewModel.swift */ = {isa = PBXFileReference; lastKnownFileType = sourcecode.swift; path = TestResultViewModel.swift; sourceTree = "<group>"; };
		27F1D1BA2678CA4F00EBA0E1 /* TestResultContract.swift */ = {isa = PBXFileReference; lastKnownFileType = sourcecode.swift; path = TestResultContract.swift; sourceTree = "<group>"; };
		27F1D1BC2678CA5E00EBA0E1 /* TestResultBuilder.swift */ = {isa = PBXFileReference; lastKnownFileType = sourcecode.swift; path = TestResultBuilder.swift; sourceTree = "<group>"; };
		27F1D1BE2678CA6700EBA0E1 /* TestResultRouter.swift */ = {isa = PBXFileReference; lastKnownFileType = sourcecode.swift; path = TestResultRouter.swift; sourceTree = "<group>"; };
		27F1D1C02678CC4300EBA0E1 /* FacultDescriptionContract.swift */ = {isa = PBXFileReference; lastKnownFileType = sourcecode.swift; path = FacultDescriptionContract.swift; sourceTree = "<group>"; };
		27F1D1C32678CC6A00EBA0E1 /* FacultyDescritionBuilder.swift */ = {isa = PBXFileReference; lastKnownFileType = sourcecode.swift; path = FacultyDescritionBuilder.swift; sourceTree = "<group>"; };
		27F1D1C62678CC9400EBA0E1 /* FacultyDescriptionRouter.swift */ = {isa = PBXFileReference; lastKnownFileType = sourcecode.swift; path = FacultyDescriptionRouter.swift; sourceTree = "<group>"; };
		27F1D1C82678D7AD00EBA0E1 /* SpecialtyDesctiptionViewModel.swift */ = {isa = PBXFileReference; lastKnownFileType = sourcecode.swift; path = SpecialtyDesctiptionViewModel.swift; sourceTree = "<group>"; };
		27F1D1CA2678D7C100EBA0E1 /* SpecialtyDescriptionBuilder.swift */ = {isa = PBXFileReference; lastKnownFileType = sourcecode.swift; path = SpecialtyDescriptionBuilder.swift; sourceTree = "<group>"; };
		27F1D1CC2678D7D100EBA0E1 /* SpecialtyDescriptionContract.swift */ = {isa = PBXFileReference; lastKnownFileType = sourcecode.swift; path = SpecialtyDescriptionContract.swift; sourceTree = "<group>"; };
		27F633AF2652BABB0009CB05 /* FacultyDescriptionView.swift */ = {isa = PBXFileReference; lastKnownFileType = sourcecode.swift; path = FacultyDescriptionView.swift; sourceTree = "<group>"; };
		27F633B12652C11D0009CB05 /* SpecialtyDescriptionView.swift */ = {isa = PBXFileReference; lastKnownFileType = sourcecode.swift; path = SpecialtyDescriptionView.swift; sourceTree = "<group>"; };
		27FD0453264FFD7E0045ABA6 /* TestListView.swift */ = {isa = PBXFileReference; lastKnownFileType = sourcecode.swift; path = TestListView.swift; sourceTree = "<group>"; };
		27FD0455264FFF860045ABA6 /* TestTableViewCell.swift */ = {isa = PBXFileReference; lastKnownFileType = sourcecode.swift; path = TestTableViewCell.swift; sourceTree = "<group>"; };
		27FD0457265003D50045ABA6 /* UITableView+Generics.swift */ = {isa = PBXFileReference; lastKnownFileType = sourcecode.swift; path = "UITableView+Generics.swift"; sourceTree = "<group>"; };
		27FD045A2650487D0045ABA6 /* MainScreenView.swift */ = {isa = PBXFileReference; lastKnownFileType = sourcecode.swift; path = MainScreenView.swift; sourceTree = "<group>"; };
		27FD045C265051AA0045ABA6 /* FacultyCardCollectionViewCell.swift */ = {isa = PBXFileReference; lastKnownFileType = sourcecode.swift; path = FacultyCardCollectionViewCell.swift; sourceTree = "<group>"; };
		45C2435C76B6B18ADCFB88C4 /* libPods-BTests-BTestsUITests.a */ = {isa = PBXFileReference; explicitFileType = archive.ar; includeInIndex = 0; path = "libPods-BTests-BTestsUITests.a"; sourceTree = BUILT_PRODUCTS_DIR; };
		4F2E12E90F50A5758B42A3EF /* Pods-BTestsTests.release.xcconfig */ = {isa = PBXFileReference; includeInIndex = 1; lastKnownFileType = text.xcconfig; name = "Pods-BTestsTests.release.xcconfig"; path = "Target Support Files/Pods-BTestsTests/Pods-BTestsTests.release.xcconfig"; sourceTree = "<group>"; };
		6569BE1160D8EF95E62414E4 /* Pods-BTests.release.xcconfig */ = {isa = PBXFileReference; includeInIndex = 1; lastKnownFileType = text.xcconfig; name = "Pods-BTests.release.xcconfig"; path = "Target Support Files/Pods-BTests/Pods-BTests.release.xcconfig"; sourceTree = "<group>"; };
		78B596BC14AA82F50443CAC9 /* Pods-BTests.debug.xcconfig */ = {isa = PBXFileReference; includeInIndex = 1; lastKnownFileType = text.xcconfig; name = "Pods-BTests.debug.xcconfig"; path = "Target Support Files/Pods-BTests/Pods-BTests.debug.xcconfig"; sourceTree = "<group>"; };
		97D1CEAA19F1B3747BD9B27F /* libPods-BTests.a */ = {isa = PBXFileReference; explicitFileType = archive.ar; includeInIndex = 0; path = "libPods-BTests.a"; sourceTree = BUILT_PRODUCTS_DIR; };
		9B5EF708B8F749A3F681EA4D /* Pods-BTestsTests.debug.xcconfig */ = {isa = PBXFileReference; includeInIndex = 1; lastKnownFileType = text.xcconfig; name = "Pods-BTestsTests.debug.xcconfig"; path = "Target Support Files/Pods-BTestsTests/Pods-BTestsTests.debug.xcconfig"; sourceTree = "<group>"; };
		B6AAA1E1AA055E39538A7FCD /* libPods-BTestsTests.a */ = {isa = PBXFileReference; explicitFileType = archive.ar; includeInIndex = 0; path = "libPods-BTestsTests.a"; sourceTree = BUILT_PRODUCTS_DIR; };
		C0FCE70BDFBA66F00D3A5EBE /* Pods-BTests-BTestsUITests.debug.xcconfig */ = {isa = PBXFileReference; includeInIndex = 1; lastKnownFileType = text.xcconfig; name = "Pods-BTests-BTestsUITests.debug.xcconfig"; path = "Target Support Files/Pods-BTests-BTestsUITests/Pods-BTests-BTestsUITests.debug.xcconfig"; sourceTree = "<group>"; };
/* End PBXFileReference section */

/* Begin PBXFrameworksBuildPhase section */
		27564AC12610C64900754BA2 /* Frameworks */ = {
			isa = PBXFrameworksBuildPhase;
			buildActionMask = 2147483647;
			files = (
				AC05F06B91B7338C86E132C8 /* libPods-BTests.a in Frameworks */,
			);
			runOnlyForDeploymentPostprocessing = 0;
		};
		27564AD72610C64A00754BA2 /* Frameworks */ = {
			isa = PBXFrameworksBuildPhase;
			buildActionMask = 2147483647;
			files = (
				42A9F661C5F2769604CFAE18 /* libPods-BTestsTests.a in Frameworks */,
			);
			runOnlyForDeploymentPostprocessing = 0;
		};
		27564AE22610C64A00754BA2 /* Frameworks */ = {
			isa = PBXFrameworksBuildPhase;
			buildActionMask = 2147483647;
			files = (
				EF0E343A22501E777C32D4E0 /* libPods-BTests-BTestsUITests.a in Frameworks */,
			);
			runOnlyForDeploymentPostprocessing = 0;
		};
/* End PBXFrameworksBuildPhase section */

/* Begin PBXGroup section */
		270B1AA62670E11600CD6605 /* Domain */ = {
			isa = PBXGroup;
			children = (
				270B1AA72670E2AD00CD6605 /* Entities */,
			);
			path = Domain;
			sourceTree = "<group>";
		};
		270B1AA72670E2AD00CD6605 /* Entities */ = {
			isa = PBXGroup;
			children = (
				270B1AA82670E2E200CD6605 /* Faculty.swift */,
				274D36C92677961700EFD5B5 /* Test.swift */,
				274D36CB267796C700EFD5B5 /* TestQuestion.swift */,
				274D36CD2677984600EFD5B5 /* TestAnswer.swift */,
				274D36CF267799C800EFD5B5 /* Specialty.swift */,
			);
			path = Entities;
			sourceTree = "<group>";
		};
		270B1AAC2670EDA900CD6605 /* Data */ = {
			isa = PBXGroup;
			children = (
				270B1AAD2670EDB600CD6605 /* FacultyData.swift */,
				274D36C126778ED700EFD5B5 /* TestData.swift */,
				274D36C326778FE200EFD5B5 /* TestQuestionData.swift */,
				274D36C52677916A00EFD5B5 /* TestAnswerData.swift */,
				274D36C72677922700EFD5B5 /* SpecialtyData.swift */,
			);
			path = Data;
			sourceTree = "<group>";
		};
		271746FD26121B3B003FA54F /* Presentation */ = {
			isa = PBXGroup;
			children = (
				27AC78B92649362A00B769BA /* Utils */,
				27B1DB1C26260D9B0082D58A /* Common */,
				271746FE26121B4C003FA54F /* Scenes */,
			);
			path = Presentation;
			sourceTree = "<group>";
		};
		271746FE26121B4C003FA54F /* Scenes */ = {
			isa = PBXGroup;
			children = (
				27F633AE2652BA950009CB05 /* SpecialtyDescription */,
				27F633AD2652BA7F0009CB05 /* FacultyDescription */,
				27FD0459265047420045ABA6 /* MainScreen */,
				27FD0452264FFD680045ABA6 /* TestList */,
				27C4BEC32645685000618282 /* TestResult */,
				27DD04242649840800E9C265 /* Authorization */,
				27A3E6F8263B24D8001509C8 /* Test */,
				27A3E6F2263B1ABD001509C8 /* TestDescription */,
				271746FF26121B57003FA54F /* WelcomeScreen */,
			);
			path = Scenes;
			sourceTree = "<group>";
		};
		271746FF26121B57003FA54F /* WelcomeScreen */ = {
			isa = PBXGroup;
			children = (
				27564ACB2610C64900754BA2 /* WelcomeScreenViewController.swift */,
			);
			path = WelcomeScreen;
			sourceTree = "<group>";
		};
		27564ABB2610C64900754BA2 = {
			isa = PBXGroup;
			children = (
				27564AC62610C64900754BA2 /* BTests */,
				27564ADD2610C64A00754BA2 /* BTestsTests */,
				27564AE82610C64A00754BA2 /* BTestsUITests */,
				27564AC52610C64900754BA2 /* Products */,
				E4B20FB140C0A6DB251B202E /* Pods */,
				F6BE1E3392881D6A04265B2F /* Frameworks */,
			);
			sourceTree = "<group>";
		};
		27564AC52610C64900754BA2 /* Products */ = {
			isa = PBXGroup;
			children = (
				27564AC42610C64900754BA2 /* BTests.app */,
				27564ADA2610C64A00754BA2 /* BTestsTests.xctest */,
				27564AE52610C64A00754BA2 /* BTestsUITests.xctest */,
			);
			name = Products;
			sourceTree = "<group>";
		};
		27564AC62610C64900754BA2 /* BTests */ = {
			isa = PBXGroup;
			children = (
				270B1AAC2670EDA900CD6605 /* Data */,
				270B1AA62670E11600CD6605 /* Domain */,
				27712C0A266FB5B800D3B504 /* Service */,
				271746FD26121B3B003FA54F /* Presentation */,
				27564AC72610C64900754BA2 /* AppDelegate.swift */,
				27564ACD2610C64900754BA2 /* Main.storyboard */,
				27564AD02610C64A00754BA2 /* Assets.xcassets */,
				27564AD22610C64A00754BA2 /* LaunchScreen.storyboard */,
				271746F82612182B003FA54F /* R.generated.swift */,
				27564AD52610C64A00754BA2 /* Info.plist */,
				271579BC262C59B600A152CF /* localizable.strings */,
			);
			path = BTests;
			sourceTree = "<group>";
		};
		27564ADD2610C64A00754BA2 /* BTestsTests */ = {
			isa = PBXGroup;
			children = (
				27564ADE2610C64A00754BA2 /* BTestsTests.swift */,
				27564AE02610C64A00754BA2 /* Info.plist */,
			);
			path = BTestsTests;
			sourceTree = "<group>";
		};
		27564AE82610C64A00754BA2 /* BTestsUITests */ = {
			isa = PBXGroup;
			children = (
				27564AE92610C64A00754BA2 /* BTestsUITests.swift */,
				27564AEB2610C64A00754BA2 /* Info.plist */,
			);
			path = BTestsUITests;
			sourceTree = "<group>";
		};
		27712C0A266FB5B800D3B504 /* Service */ = {
			isa = PBXGroup;
			children = (
				27712C0B266FB63400D3B504 /* API.swift */,
				270B1AA22670DB9B00CD6605 /* UserDefaultsStore.swift */,
			);
			path = Service;
			sourceTree = "<group>";
		};
		27A3E6F2263B1ABD001509C8 /* TestDescription */ = {
			isa = PBXGroup;
			children = (
				27A3E6F3263B1CCE001509C8 /* TestDescriptionView.swift */,
				27F1D1A72678C4A800EBA0E1 /* TestDescriptionBuilder.swift */,
				27F1D1A92678C4BC00EBA0E1 /* TestDescriptionContract.swift */,
				27F1D1AB2678C4D100EBA0E1 /* TestDescriptionRouter.swift */,
				27F1D1AD2678C4DC00EBA0E1 /* TestDescriptionViewModel.swift */,
			);
			path = TestDescription;
			sourceTree = "<group>";
		};
		27A3E6F8263B24D8001509C8 /* Test */ = {
			isa = PBXGroup;
			children = (
				27F1D1AF2678C6B500EBA0E1 /* Content */,
				27ED5BAE263EFC1900D07866 /* TestView.swift */,
				27F1D1B02678C75500EBA0E1 /* TestViewModel.swift */,
				27F1D1B22678C75F00EBA0E1 /* TestContract.swift */,
				27F1D1B42678C77000EBA0E1 /* TestBuilder.swift */,
				27F1D1B62678C78C00EBA0E1 /* TestRouter.swift */,
			);
			path = Test;
			sourceTree = "<group>";
		};
		27AC78B92649362A00B769BA /* Utils */ = {
			isa = PBXGroup;
			children = (
				27AC78BA2649367600B769BA /* ReuseIdentifiable.swift */,
				27AC78C2264936B200B769BA /* UICollectionView+Generics.swift */,
				27FD0457265003D50045ABA6 /* UITableView+Generics.swift */,
			);
			path = Utils;
			sourceTree = "<group>";
		};
		27B1DB1C26260D9B0082D58A /* Common */ = {
			isa = PBXGroup;
			children = (
				27CD677726637E6200462426 /* GradientedView.swift */,
				27B1DB2026260DB20082D58A /* CardStackView.swift */,
				27B1DB2526260E810082D58A /* CardView.swift */,
				27A3E701263B27A7001509C8 /* TestCardView.swift */,
				27866407264C6CA100E9988E /* FloatLabeledTextField.swift */,
			);
			path = Common;
			sourceTree = "<group>";
		};
		27C4BEC32645685000618282 /* TestResult */ = {
			isa = PBXGroup;
			children = (
				27C4BEC42645695200618282 /* TestResultView.swift */,
				27F1D1B82678CA4200EBA0E1 /* TestResultViewModel.swift */,
				27F1D1BA2678CA4F00EBA0E1 /* TestResultContract.swift */,
				27F1D1BC2678CA5E00EBA0E1 /* TestResultBuilder.swift */,
				27F1D1BE2678CA6700EBA0E1 /* TestResultRouter.swift */,
			);
			path = TestResult;
			sourceTree = "<group>";
		};
		27DD04242649840800E9C265 /* Authorization */ = {
			isa = PBXGroup;
			children = (
				27DD0422264983CA00E9C265 /* AuthorizationView.swift */,
				27F1D1912677EA3E00EBA0E1 /* AuthorizationViewModel.swift */,
				27F1D1932677EA8E00EBA0E1 /* AuthorizationBuilder.swift */,
				27F1D1952677EB7600EBA0E1 /* AuthorizationContract.swift */,
				27F1D1972677EC5600EBA0E1 /* AuthorizationRouter.swift */,
			);
			path = Authorization;
			sourceTree = "<group>";
		};
		27F1D199267895A500EBA0E1 /* Content */ = {
			isa = PBXGroup;
			children = (
				27FD045C265051AA0045ABA6 /* FacultyCardCollectionViewCell.swift */,
				270B1AAA2670E9D000CD6605 /* SearchTableViewHeader.swift */,
			);
			path = Content;
			sourceTree = "<group>";
		};
		27F1D1A02678991800EBA0E1 /* Content  */ = {
			isa = PBXGroup;
			children = (
				27FD0455264FFF860045ABA6 /* TestTableViewCell.swift */,
			);
			path = "Content ";
			sourceTree = "<group>";
		};
		27F1D1AF2678C6B500EBA0E1 /* Content */ = {
			isa = PBXGroup;
			children = (
				27AC78712649314E00B769BA /* LastCardCollectionViewCell.swift */,
				27ED5BB4263EFDD100D07866 /* QuestionCardCollectionViewCell.swift */,
			);
			path = Content;
			sourceTree = "<group>";
		};
		27F1D1C22678CC4700EBA0E1 /* Content */ = {
			isa = PBXGroup;
			children = (
				278B16DC26593AF600431FFF /* SpecialtyTableViewCell.swift */,
			);
			path = Content;
			sourceTree = "<group>";
		};
		27F633AD2652BA7F0009CB05 /* FacultyDescription */ = {
			isa = PBXGroup;
			children = (
				27F1D1C22678CC4700EBA0E1 /* Content */,
				27F633AF2652BABB0009CB05 /* FacultyDescriptionView.swift */,
				274D36D12677A50500EFD5B5 /* FacultyDescriptionViewModel.swift */,
				27F1D1C02678CC4300EBA0E1 /* FacultDescriptionContract.swift */,
				27F1D1C32678CC6A00EBA0E1 /* FacultyDescritionBuilder.swift */,
				27F1D1C62678CC9400EBA0E1 /* FacultyDescriptionRouter.swift */,
			);
			path = FacultyDescription;
			sourceTree = "<group>";
		};
		27F633AE2652BA950009CB05 /* SpecialtyDescription */ = {
			isa = PBXGroup;
			children = (
				27F633B12652C11D0009CB05 /* SpecialtyDescriptionView.swift */,
				27F1D1C82678D7AD00EBA0E1 /* SpecialtyDesctiptionViewModel.swift */,
				27F1D1CA2678D7C100EBA0E1 /* SpecialtyDescriptionBuilder.swift */,
				27F1D1CC2678D7D100EBA0E1 /* SpecialtyDescriptionContract.swift */,
			);
			path = SpecialtyDescription;
			sourceTree = "<group>";
		};
		27FD0452264FFD680045ABA6 /* TestList */ = {
			isa = PBXGroup;
			children = (
				27F1D1A02678991800EBA0E1 /* Content  */,
				27FD0453264FFD7E0045ABA6 /* TestListView.swift */,
				270B1AAF2670F84000CD6605 /* TestListViewModel.swift */,
				27F1D1A126789A3B00EBA0E1 /* TestListContract.swift */,
				27F1D1A326789B0F00EBA0E1 /* TestListBuilder.swift */,
				27F1D1A526789BF200EBA0E1 /* TestListRouter.swift */,
			);
			path = TestList;
			sourceTree = "<group>";
		};
		27FD0459265047420045ABA6 /* MainScreen */ = {
			isa = PBXGroup;
			children = (
				27F1D199267895A500EBA0E1 /* Content */,
				27FD045A2650487D0045ABA6 /* MainScreenView.swift */,
				270B1AA42670E0AF00CD6605 /* MainScreenViewModel.swift */,
				27F1D19A267895DB00EBA0E1 /* MainScreenContract.swift */,
				27F1D19C267896BF00EBA0E1 /* MainScreenBuilder.swift */,
				27F1D19E2678974900EBA0E1 /* MainScreenRouter.swift */,
			);
			path = MainScreen;
			sourceTree = "<group>";
		};
		E4B20FB140C0A6DB251B202E /* Pods */ = {
			isa = PBXGroup;
			children = (
				78B596BC14AA82F50443CAC9 /* Pods-BTests.debug.xcconfig */,
				6569BE1160D8EF95E62414E4 /* Pods-BTests.release.xcconfig */,
				C0FCE70BDFBA66F00D3A5EBE /* Pods-BTests-BTestsUITests.debug.xcconfig */,
				0D88B071E4FE807E65959538 /* Pods-BTests-BTestsUITests.release.xcconfig */,
				9B5EF708B8F749A3F681EA4D /* Pods-BTestsTests.debug.xcconfig */,
				4F2E12E90F50A5758B42A3EF /* Pods-BTestsTests.release.xcconfig */,
			);
			path = Pods;
			sourceTree = "<group>";
		};
		F6BE1E3392881D6A04265B2F /* Frameworks */ = {
			isa = PBXGroup;
			children = (
				97D1CEAA19F1B3747BD9B27F /* libPods-BTests.a */,
				45C2435C76B6B18ADCFB88C4 /* libPods-BTests-BTestsUITests.a */,
				B6AAA1E1AA055E39538A7FCD /* libPods-BTestsTests.a */,
			);
			name = Frameworks;
			sourceTree = "<group>";
		};
/* End PBXGroup section */

/* Begin PBXNativeTarget section */
		27564AC32610C64900754BA2 /* BTests */ = {
			isa = PBXNativeTarget;
			buildConfigurationList = 27564AEE2610C64A00754BA2 /* Build configuration list for PBXNativeTarget "BTests" */;
			buildPhases = (
				7C07F2DC78038E4CFD2186BF /* [CP] Check Pods Manifest.lock */,
				271746DC26121544003FA54F /* ShellScript */,
				27564AC02610C64900754BA2 /* Sources */,
				27564AC12610C64900754BA2 /* Frameworks */,
				27564AC22610C64900754BA2 /* Resources */,
			);
			buildRules = (
			);
			dependencies = (
			);
			name = BTests;
			productName = BTests;
			productReference = 27564AC42610C64900754BA2 /* BTests.app */;
			productType = "com.apple.product-type.application";
		};
		27564AD92610C64A00754BA2 /* BTestsTests */ = {
			isa = PBXNativeTarget;
			buildConfigurationList = 27564AF12610C64A00754BA2 /* Build configuration list for PBXNativeTarget "BTestsTests" */;
			buildPhases = (
				BA76B82FA3A09D6F6F48F437 /* [CP] Check Pods Manifest.lock */,
				27564AD62610C64A00754BA2 /* Sources */,
				27564AD72610C64A00754BA2 /* Frameworks */,
				27564AD82610C64A00754BA2 /* Resources */,
			);
			buildRules = (
			);
			dependencies = (
				27564ADC2610C64A00754BA2 /* PBXTargetDependency */,
			);
			name = BTestsTests;
			productName = BTestsTests;
			productReference = 27564ADA2610C64A00754BA2 /* BTestsTests.xctest */;
			productType = "com.apple.product-type.bundle.unit-test";
		};
		27564AE42610C64A00754BA2 /* BTestsUITests */ = {
			isa = PBXNativeTarget;
			buildConfigurationList = 27564AF42610C64A00754BA2 /* Build configuration list for PBXNativeTarget "BTestsUITests" */;
			buildPhases = (
				A229CD93FA252F60FBB5A079 /* [CP] Check Pods Manifest.lock */,
				27564AE12610C64A00754BA2 /* Sources */,
				27564AE22610C64A00754BA2 /* Frameworks */,
				27564AE32610C64A00754BA2 /* Resources */,
			);
			buildRules = (
			);
			dependencies = (
				27564AE72610C64A00754BA2 /* PBXTargetDependency */,
			);
			name = BTestsUITests;
			productName = BTestsUITests;
			productReference = 27564AE52610C64A00754BA2 /* BTestsUITests.xctest */;
			productType = "com.apple.product-type.bundle.ui-testing";
		};
/* End PBXNativeTarget section */

/* Begin PBXProject section */
		27564ABC2610C64900754BA2 /* Project object */ = {
			isa = PBXProject;
			attributes = {
				LastSwiftUpdateCheck = 1230;
				LastUpgradeCheck = 1230;
				TargetAttributes = {
					27564AC32610C64900754BA2 = {
						CreatedOnToolsVersion = 12.3;
					};
					27564AD92610C64A00754BA2 = {
						CreatedOnToolsVersion = 12.3;
						TestTargetID = 27564AC32610C64900754BA2;
					};
					27564AE42610C64A00754BA2 = {
						CreatedOnToolsVersion = 12.3;
						TestTargetID = 27564AC32610C64900754BA2;
					};
				};
			};
			buildConfigurationList = 27564ABF2610C64900754BA2 /* Build configuration list for PBXProject "BTests" */;
			compatibilityVersion = "Xcode 9.3";
			developmentRegion = en;
			hasScannedForEncodings = 0;
			knownRegions = (
				en,
				Base,
				"ru-BY",
			);
			mainGroup = 27564ABB2610C64900754BA2;
			productRefGroup = 27564AC52610C64900754BA2 /* Products */;
			projectDirPath = "";
			projectRoot = "";
			targets = (
				27564AC32610C64900754BA2 /* BTests */,
				27564AD92610C64A00754BA2 /* BTestsTests */,
				27564AE42610C64A00754BA2 /* BTestsUITests */,
			);
		};
/* End PBXProject section */

/* Begin PBXResourcesBuildPhase section */
		27564AC22610C64900754BA2 /* Resources */ = {
			isa = PBXResourcesBuildPhase;
			buildActionMask = 2147483647;
			files = (
				27564AD42610C64A00754BA2 /* LaunchScreen.storyboard in Resources */,
				271579BA262C59B600A152CF /* localizable.strings in Resources */,
				27564AD12610C64A00754BA2 /* Assets.xcassets in Resources */,
				27564ACF2610C64900754BA2 /* Main.storyboard in Resources */,
			);
			runOnlyForDeploymentPostprocessing = 0;
		};
		27564AD82610C64A00754BA2 /* Resources */ = {
			isa = PBXResourcesBuildPhase;
			buildActionMask = 2147483647;
			files = (
			);
			runOnlyForDeploymentPostprocessing = 0;
		};
		27564AE32610C64A00754BA2 /* Resources */ = {
			isa = PBXResourcesBuildPhase;
			buildActionMask = 2147483647;
			files = (
			);
			runOnlyForDeploymentPostprocessing = 0;
		};
/* End PBXResourcesBuildPhase section */

/* Begin PBXShellScriptBuildPhase section */
		271746DC26121544003FA54F /* ShellScript */ = {
			isa = PBXShellScriptBuildPhase;
			buildActionMask = 2147483647;
			files = (
			);
			inputFileListPaths = (
			);
			inputPaths = (
				"$TEMP_DIR/rswift-lastrun",
			);
			outputFileListPaths = (
			);
			outputPaths = (
				$SRCROOT/R.generated.swift,
			);
			runOnlyForDeploymentPostprocessing = 0;
			shellPath = /bin/sh;
			shellScript = "\"$PODS_ROOT/R.swift/rswift\" generate \"$SRCROOT/R.generated.swift\"\n";
		};
		7C07F2DC78038E4CFD2186BF /* [CP] Check Pods Manifest.lock */ = {
			isa = PBXShellScriptBuildPhase;
			buildActionMask = 2147483647;
			files = (
			);
			inputFileListPaths = (
			);
			inputPaths = (
				"${PODS_PODFILE_DIR_PATH}/Podfile.lock",
				"${PODS_ROOT}/Manifest.lock",
			);
			name = "[CP] Check Pods Manifest.lock";
			outputFileListPaths = (
			);
			outputPaths = (
				"$(DERIVED_FILE_DIR)/Pods-BTests-checkManifestLockResult.txt",
			);
			runOnlyForDeploymentPostprocessing = 0;
			shellPath = /bin/sh;
			shellScript = "diff \"${PODS_PODFILE_DIR_PATH}/Podfile.lock\" \"${PODS_ROOT}/Manifest.lock\" > /dev/null\nif [ $? != 0 ] ; then\n    # print error to STDERR\n    echo \"error: The sandbox is not in sync with the Podfile.lock. Run 'pod install' or update your CocoaPods installation.\" >&2\n    exit 1\nfi\n# This output is used by Xcode 'outputs' to avoid re-running this script phase.\necho \"SUCCESS\" > \"${SCRIPT_OUTPUT_FILE_0}\"\n";
			showEnvVarsInLog = 0;
		};
		A229CD93FA252F60FBB5A079 /* [CP] Check Pods Manifest.lock */ = {
			isa = PBXShellScriptBuildPhase;
			buildActionMask = 2147483647;
			files = (
			);
			inputFileListPaths = (
			);
			inputPaths = (
				"${PODS_PODFILE_DIR_PATH}/Podfile.lock",
				"${PODS_ROOT}/Manifest.lock",
			);
			name = "[CP] Check Pods Manifest.lock";
			outputFileListPaths = (
			);
			outputPaths = (
				"$(DERIVED_FILE_DIR)/Pods-BTests-BTestsUITests-checkManifestLockResult.txt",
			);
			runOnlyForDeploymentPostprocessing = 0;
			shellPath = /bin/sh;
			shellScript = "diff \"${PODS_PODFILE_DIR_PATH}/Podfile.lock\" \"${PODS_ROOT}/Manifest.lock\" > /dev/null\nif [ $? != 0 ] ; then\n    # print error to STDERR\n    echo \"error: The sandbox is not in sync with the Podfile.lock. Run 'pod install' or update your CocoaPods installation.\" >&2\n    exit 1\nfi\n# This output is used by Xcode 'outputs' to avoid re-running this script phase.\necho \"SUCCESS\" > \"${SCRIPT_OUTPUT_FILE_0}\"\n";
			showEnvVarsInLog = 0;
		};
		BA76B82FA3A09D6F6F48F437 /* [CP] Check Pods Manifest.lock */ = {
			isa = PBXShellScriptBuildPhase;
			buildActionMask = 2147483647;
			files = (
			);
			inputFileListPaths = (
			);
			inputPaths = (
				"${PODS_PODFILE_DIR_PATH}/Podfile.lock",
				"${PODS_ROOT}/Manifest.lock",
			);
			name = "[CP] Check Pods Manifest.lock";
			outputFileListPaths = (
			);
			outputPaths = (
				"$(DERIVED_FILE_DIR)/Pods-BTestsTests-checkManifestLockResult.txt",
			);
			runOnlyForDeploymentPostprocessing = 0;
			shellPath = /bin/sh;
			shellScript = "diff \"${PODS_PODFILE_DIR_PATH}/Podfile.lock\" \"${PODS_ROOT}/Manifest.lock\" > /dev/null\nif [ $? != 0 ] ; then\n    # print error to STDERR\n    echo \"error: The sandbox is not in sync with the Podfile.lock. Run 'pod install' or update your CocoaPods installation.\" >&2\n    exit 1\nfi\n# This output is used by Xcode 'outputs' to avoid re-running this script phase.\necho \"SUCCESS\" > \"${SCRIPT_OUTPUT_FILE_0}\"\n";
			showEnvVarsInLog = 0;
		};
/* End PBXShellScriptBuildPhase section */

/* Begin PBXSourcesBuildPhase section */
		27564AC02610C64900754BA2 /* Sources */ = {
			isa = PBXSourcesBuildPhase;
			buildActionMask = 2147483647;
			files = (
				27F1D1BB2678CA4F00EBA0E1 /* TestResultContract.swift in Sources */,
				27F633B02652BABB0009CB05 /* FacultyDescriptionView.swift in Sources */,
				27F1D1AE2678C4DC00EBA0E1 /* TestDescriptionViewModel.swift in Sources */,
				27AC78722649314E00B769BA /* LastCardCollectionViewCell.swift in Sources */,
				27F1D1B32678C75F00EBA0E1 /* TestContract.swift in Sources */,
				27F1D19F2678974900EBA0E1 /* MainScreenRouter.swift in Sources */,
				274D36CC267796C700EFD5B5 /* TestQuestion.swift in Sources */,
				274D36C82677922700EFD5B5 /* SpecialtyData.swift in Sources */,
				274D36D22677A50500EFD5B5 /* FacultyDescriptionViewModel.swift in Sources */,
				27B1DB2126260DB20082D58A /* CardStackView.swift in Sources */,
				274D36C226778ED700EFD5B5 /* TestData.swift in Sources */,
				27F1D1BF2678CA6700EBA0E1 /* TestResultRouter.swift in Sources */,
				274D36D0267799C800EFD5B5 /* Specialty.swift in Sources */,
				27DD0423264983CA00E9C265 /* AuthorizationView.swift in Sources */,
				27564ACC2610C64900754BA2 /* WelcomeScreenViewController.swift in Sources */,
				27564AC82610C64900754BA2 /* AppDelegate.swift in Sources */,
				27FD0458265003D50045ABA6 /* UITableView+Generics.swift in Sources */,
				27F1D1C12678CC4300EBA0E1 /* FacultDescriptionContract.swift in Sources */,
				270B1AAB2670E9D000CD6605 /* SearchTableViewHeader.swift in Sources */,
				27F1D1B92678CA4200EBA0E1 /* TestResultViewModel.swift in Sources */,
				27F1D1B52678C77000EBA0E1 /* TestBuilder.swift in Sources */,
				27F1D1942677EA8E00EBA0E1 /* AuthorizationBuilder.swift in Sources */,
				27F1D1922677EA3E00EBA0E1 /* AuthorizationViewModel.swift in Sources */,
				274D36C62677916A00EFD5B5 /* TestAnswerData.swift in Sources */,
				27F1D1C92678D7AD00EBA0E1 /* SpecialtyDesctiptionViewModel.swift in Sources */,
				274D36C426778FE200EFD5B5 /* TestQuestionData.swift in Sources */,
				27F1D1AC2678C4D100EBA0E1 /* TestDescriptionRouter.swift in Sources */,
				27F1D1BD2678CA5E00EBA0E1 /* TestResultBuilder.swift in Sources */,
				27F1D1AA2678C4BC00EBA0E1 /* TestDescriptionContract.swift in Sources */,
				27ED5BB5263EFDD100D07866 /* QuestionCardCollectionViewCell.swift in Sources */,
				270B1AA32670DB9B00CD6605 /* UserDefaultsStore.swift in Sources */,
				27712C0C266FB63400D3B504 /* API.swift in Sources */,
				27A3E6F4263B1CCE001509C8 /* TestDescriptionView.swift in Sources */,
				27F1D1A626789BF200EBA0E1 /* TestListRouter.swift in Sources */,
				27AC78BB2649367600B769BA /* ReuseIdentifiable.swift in Sources */,
				27F1D1982677EC5600EBA0E1 /* AuthorizationRouter.swift in Sources */,
				27FD0454264FFD7E0045ABA6 /* TestListView.swift in Sources */,
				270B1AAE2670EDB600CD6605 /* FacultyData.swift in Sources */,
				27F1D1A82678C4A800EBA0E1 /* TestDescriptionBuilder.swift in Sources */,
				27FD0456264FFF860045ABA6 /* TestTableViewCell.swift in Sources */,
				270B1AA52670E0AF00CD6605 /* MainScreenViewModel.swift in Sources */,
				27F1D1A426789B0F00EBA0E1 /* TestListBuilder.swift in Sources */,
				27AC78C3264936B200B769BA /* UICollectionView+Generics.swift in Sources */,
				27F1D1CB2678D7C100EBA0E1 /* SpecialtyDescriptionBuilder.swift in Sources */,
				27F1D1962677EB7600EBA0E1 /* AuthorizationContract.swift in Sources */,
				27F1D1CD2678D7D100EBA0E1 /* SpecialtyDescriptionContract.swift in Sources */,
				270B1AB02670F84000CD6605 /* TestListViewModel.swift in Sources */,
				27F1D1C42678CC6A00EBA0E1 /* FacultyDescritionBuilder.swift in Sources */,
				27F1D19D267896BF00EBA0E1 /* MainScreenBuilder.swift in Sources */,
				27B1DB2626260E810082D58A /* CardView.swift in Sources */,
				274D36CE2677984600EFD5B5 /* TestAnswer.swift in Sources */,
				27ED5BAF263EFC1900D07866 /* TestView.swift in Sources */,
				27FD045D265051AA0045ABA6 /* FacultyCardCollectionViewCell.swift in Sources */,
				27866408264C6CA100E9988E /* FloatLabeledTextField.swift in Sources */,
				27FD045B2650487D0045ABA6 /* MainScreenView.swift in Sources */,
				271746F92612182B003FA54F /* R.generated.swift in Sources */,
				27F1D1C72678CC9400EBA0E1 /* FacultyDescriptionRouter.swift in Sources */,
				274D36CA2677961700EFD5B5 /* Test.swift in Sources */,
				278B16DD26593AF600431FFF /* SpecialtyTableViewCell.swift in Sources */,
				27F1D1B12678C75500EBA0E1 /* TestViewModel.swift in Sources */,
				27CD677826637E6200462426 /* GradientedView.swift in Sources */,
				27F1D19B267895DB00EBA0E1 /* MainScreenContract.swift in Sources */,
				27F1D1A226789A3B00EBA0E1 /* TestListContract.swift in Sources */,
				270B1AA92670E2E200CD6605 /* Faculty.swift in Sources */,
				27A3E702263B27A7001509C8 /* TestCardView.swift in Sources */,
				27F633B22652C11D0009CB05 /* SpecialtyDescriptionView.swift in Sources */,
				27F1D1B72678C78C00EBA0E1 /* TestRouter.swift in Sources */,
				27C4BEC52645695200618282 /* TestResultView.swift in Sources */,
			);
			runOnlyForDeploymentPostprocessing = 0;
		};
		27564AD62610C64A00754BA2 /* Sources */ = {
			isa = PBXSourcesBuildPhase;
			buildActionMask = 2147483647;
			files = (
				27564ADF2610C64A00754BA2 /* BTestsTests.swift in Sources */,
			);
			runOnlyForDeploymentPostprocessing = 0;
		};
		27564AE12610C64A00754BA2 /* Sources */ = {
			isa = PBXSourcesBuildPhase;
			buildActionMask = 2147483647;
			files = (
				27564AEA2610C64A00754BA2 /* BTestsUITests.swift in Sources */,
			);
			runOnlyForDeploymentPostprocessing = 0;
		};
/* End PBXSourcesBuildPhase section */

/* Begin PBXTargetDependency section */
		27564ADC2610C64A00754BA2 /* PBXTargetDependency */ = {
			isa = PBXTargetDependency;
			target = 27564AC32610C64900754BA2 /* BTests */;
			targetProxy = 27564ADB2610C64A00754BA2 /* PBXContainerItemProxy */;
		};
		27564AE72610C64A00754BA2 /* PBXTargetDependency */ = {
			isa = PBXTargetDependency;
			target = 27564AC32610C64900754BA2 /* BTests */;
			targetProxy = 27564AE62610C64A00754BA2 /* PBXContainerItemProxy */;
		};
/* End PBXTargetDependency section */

/* Begin PBXVariantGroup section */
		271579BC262C59B600A152CF /* localizable.strings */ = {
			isa = PBXVariantGroup;
			children = (
				271579BB262C59B600A152CF /* en */,
				271579C8262C5AB600A152CF /* ru-BY */,
			);
			name = localizable.strings;
			sourceTree = "<group>";
		};
		27564ACD2610C64900754BA2 /* Main.storyboard */ = {
			isa = PBXVariantGroup;
			children = (
				27564ACE2610C64900754BA2 /* Base */,
				271579C6262C5AB500A152CF /* ru-BY */,
			);
			name = Main.storyboard;
			sourceTree = "<group>";
		};
		27564AD22610C64A00754BA2 /* LaunchScreen.storyboard */ = {
			isa = PBXVariantGroup;
			children = (
				27564AD32610C64A00754BA2 /* Base */,
				271579C7262C5AB500A152CF /* ru-BY */,
			);
			name = LaunchScreen.storyboard;
			sourceTree = "<group>";
		};
/* End PBXVariantGroup section */

/* Begin XCBuildConfiguration section */
		27564AEC2610C64A00754BA2 /* Debug */ = {
			isa = XCBuildConfiguration;
			buildSettings = {
				ALWAYS_SEARCH_USER_PATHS = NO;
				CLANG_ANALYZER_LOCALIZABILITY_NONLOCALIZED = YES;
				CLANG_ANALYZER_NONNULL = YES;
				CLANG_ANALYZER_NUMBER_OBJECT_CONVERSION = YES_AGGRESSIVE;
				CLANG_CXX_LANGUAGE_STANDARD = "gnu++14";
				CLANG_CXX_LIBRARY = "libc++";
				CLANG_ENABLE_MODULES = YES;
				CLANG_ENABLE_OBJC_ARC = YES;
				CLANG_ENABLE_OBJC_WEAK = YES;
				CLANG_WARN_BLOCK_CAPTURE_AUTORELEASING = YES;
				CLANG_WARN_BOOL_CONVERSION = YES;
				CLANG_WARN_COMMA = YES;
				CLANG_WARN_CONSTANT_CONVERSION = YES;
				CLANG_WARN_DEPRECATED_OBJC_IMPLEMENTATIONS = YES;
				CLANG_WARN_DIRECT_OBJC_ISA_USAGE = YES_ERROR;
				CLANG_WARN_DOCUMENTATION_COMMENTS = YES;
				CLANG_WARN_EMPTY_BODY = YES;
				CLANG_WARN_ENUM_CONVERSION = YES;
				CLANG_WARN_INFINITE_RECURSION = YES;
				CLANG_WARN_INT_CONVERSION = YES;
				CLANG_WARN_NON_LITERAL_NULL_CONVERSION = YES;
				CLANG_WARN_OBJC_IMPLICIT_RETAIN_SELF = YES;
				CLANG_WARN_OBJC_LITERAL_CONVERSION = YES;
				CLANG_WARN_OBJC_ROOT_CLASS = YES_ERROR;
				CLANG_WARN_QUOTED_INCLUDE_IN_FRAMEWORK_HEADER = YES;
				CLANG_WARN_RANGE_LOOP_ANALYSIS = YES;
				CLANG_WARN_STRICT_PROTOTYPES = YES;
				CLANG_WARN_SUSPICIOUS_MOVE = YES;
				CLANG_WARN_UNGUARDED_AVAILABILITY = YES_AGGRESSIVE;
				CLANG_WARN_UNREACHABLE_CODE = YES;
				CLANG_WARN__DUPLICATE_METHOD_MATCH = YES;
				COPY_PHASE_STRIP = NO;
				DEBUG_INFORMATION_FORMAT = dwarf;
				ENABLE_STRICT_OBJC_MSGSEND = YES;
				ENABLE_TESTABILITY = YES;
				GCC_C_LANGUAGE_STANDARD = gnu11;
				GCC_DYNAMIC_NO_PIC = NO;
				GCC_NO_COMMON_BLOCKS = YES;
				GCC_OPTIMIZATION_LEVEL = 0;
				GCC_PREPROCESSOR_DEFINITIONS = (
					"DEBUG=1",
					"$(inherited)",
				);
				GCC_WARN_64_TO_32_BIT_CONVERSION = YES;
				GCC_WARN_ABOUT_RETURN_TYPE = YES_ERROR;
				GCC_WARN_UNDECLARED_SELECTOR = YES;
				GCC_WARN_UNINITIALIZED_AUTOS = YES_AGGRESSIVE;
				GCC_WARN_UNUSED_FUNCTION = YES;
				GCC_WARN_UNUSED_VARIABLE = YES;
				IPHONEOS_DEPLOYMENT_TARGET = 14.3;
				MTL_ENABLE_DEBUG_INFO = INCLUDE_SOURCE;
				MTL_FAST_MATH = YES;
				ONLY_ACTIVE_ARCH = YES;
				SDKROOT = iphoneos;
				SWIFT_ACTIVE_COMPILATION_CONDITIONS = DEBUG;
				SWIFT_OPTIMIZATION_LEVEL = "-Onone";
			};
			name = Debug;
		};
		27564AED2610C64A00754BA2 /* Release */ = {
			isa = XCBuildConfiguration;
			buildSettings = {
				ALWAYS_SEARCH_USER_PATHS = NO;
				CLANG_ANALYZER_LOCALIZABILITY_NONLOCALIZED = YES;
				CLANG_ANALYZER_NONNULL = YES;
				CLANG_ANALYZER_NUMBER_OBJECT_CONVERSION = YES_AGGRESSIVE;
				CLANG_CXX_LANGUAGE_STANDARD = "gnu++14";
				CLANG_CXX_LIBRARY = "libc++";
				CLANG_ENABLE_MODULES = YES;
				CLANG_ENABLE_OBJC_ARC = YES;
				CLANG_ENABLE_OBJC_WEAK = YES;
				CLANG_WARN_BLOCK_CAPTURE_AUTORELEASING = YES;
				CLANG_WARN_BOOL_CONVERSION = YES;
				CLANG_WARN_COMMA = YES;
				CLANG_WARN_CONSTANT_CONVERSION = YES;
				CLANG_WARN_DEPRECATED_OBJC_IMPLEMENTATIONS = YES;
				CLANG_WARN_DIRECT_OBJC_ISA_USAGE = YES_ERROR;
				CLANG_WARN_DOCUMENTATION_COMMENTS = YES;
				CLANG_WARN_EMPTY_BODY = YES;
				CLANG_WARN_ENUM_CONVERSION = YES;
				CLANG_WARN_INFINITE_RECURSION = YES;
				CLANG_WARN_INT_CONVERSION = YES;
				CLANG_WARN_NON_LITERAL_NULL_CONVERSION = YES;
				CLANG_WARN_OBJC_IMPLICIT_RETAIN_SELF = YES;
				CLANG_WARN_OBJC_LITERAL_CONVERSION = YES;
				CLANG_WARN_OBJC_ROOT_CLASS = YES_ERROR;
				CLANG_WARN_QUOTED_INCLUDE_IN_FRAMEWORK_HEADER = YES;
				CLANG_WARN_RANGE_LOOP_ANALYSIS = YES;
				CLANG_WARN_STRICT_PROTOTYPES = YES;
				CLANG_WARN_SUSPICIOUS_MOVE = YES;
				CLANG_WARN_UNGUARDED_AVAILABILITY = YES_AGGRESSIVE;
				CLANG_WARN_UNREACHABLE_CODE = YES;
				CLANG_WARN__DUPLICATE_METHOD_MATCH = YES;
				COPY_PHASE_STRIP = NO;
				DEBUG_INFORMATION_FORMAT = "dwarf-with-dsym";
				ENABLE_NS_ASSERTIONS = NO;
				ENABLE_STRICT_OBJC_MSGSEND = YES;
				GCC_C_LANGUAGE_STANDARD = gnu11;
				GCC_NO_COMMON_BLOCKS = YES;
				GCC_WARN_64_TO_32_BIT_CONVERSION = YES;
				GCC_WARN_ABOUT_RETURN_TYPE = YES_ERROR;
				GCC_WARN_UNDECLARED_SELECTOR = YES;
				GCC_WARN_UNINITIALIZED_AUTOS = YES_AGGRESSIVE;
				GCC_WARN_UNUSED_FUNCTION = YES;
				GCC_WARN_UNUSED_VARIABLE = YES;
				IPHONEOS_DEPLOYMENT_TARGET = 14.3;
				MTL_ENABLE_DEBUG_INFO = NO;
				MTL_FAST_MATH = YES;
				SDKROOT = iphoneos;
				SWIFT_COMPILATION_MODE = wholemodule;
				SWIFT_OPTIMIZATION_LEVEL = "-O";
				VALIDATE_PRODUCT = YES;
			};
			name = Release;
		};
		27564AEF2610C64A00754BA2 /* Debug */ = {
			isa = XCBuildConfiguration;
			baseConfigurationReference = 78B596BC14AA82F50443CAC9 /* Pods-BTests.debug.xcconfig */;
			buildSettings = {
				ASSETCATALOG_COMPILER_APPICON_NAME = AppIcon;
				ASSETCATALOG_COMPILER_GLOBAL_ACCENT_COLOR_NAME = AccentColor;
				CODE_SIGN_STYLE = Automatic;
				DEVELOPMENT_TEAM = 8AA87A4LM2;
				INFOPLIST_FILE = BTests/Info.plist;
				LD_RUNPATH_SEARCH_PATHS = (
					"$(inherited)",
					"@executable_path/Frameworks",
				);
				PRODUCT_BUNDLE_IDENTIFIER = Gashedov.BTests;
				PRODUCT_NAME = "$(TARGET_NAME)";
				SWIFT_VERSION = 5.0;
				TARGETED_DEVICE_FAMILY = "1,2";
			};
			name = Debug;
		};
		27564AF02610C64A00754BA2 /* Release */ = {
			isa = XCBuildConfiguration;
			baseConfigurationReference = 6569BE1160D8EF95E62414E4 /* Pods-BTests.release.xcconfig */;
			buildSettings = {
				ASSETCATALOG_COMPILER_APPICON_NAME = AppIcon;
				ASSETCATALOG_COMPILER_GLOBAL_ACCENT_COLOR_NAME = AccentColor;
				CODE_SIGN_STYLE = Automatic;
				DEVELOPMENT_TEAM = 8AA87A4LM2;
				INFOPLIST_FILE = BTests/Info.plist;
				LD_RUNPATH_SEARCH_PATHS = (
					"$(inherited)",
					"@executable_path/Frameworks",
				);
				PRODUCT_BUNDLE_IDENTIFIER = Gashedov.BTests;
				PRODUCT_NAME = "$(TARGET_NAME)";
				SWIFT_VERSION = 5.0;
				TARGETED_DEVICE_FAMILY = "1,2";
			};
			name = Release;
		};
		27564AF22610C64A00754BA2 /* Debug */ = {
			isa = XCBuildConfiguration;
			baseConfigurationReference = 9B5EF708B8F749A3F681EA4D /* Pods-BTestsTests.debug.xcconfig */;
			buildSettings = {
				ALWAYS_EMBED_SWIFT_STANDARD_LIBRARIES = YES;
				BUNDLE_LOADER = "$(TEST_HOST)";
				CODE_SIGN_STYLE = Automatic;
				DEVELOPMENT_TEAM = 8AA87A4LM2;
				INFOPLIST_FILE = BTestsTests/Info.plist;
				IPHONEOS_DEPLOYMENT_TARGET = 14.3;
				LD_RUNPATH_SEARCH_PATHS = (
					"$(inherited)",
					"@executable_path/Frameworks",
					"@loader_path/Frameworks",
				);
				PRODUCT_BUNDLE_IDENTIFIER = Gashedov.BTestsTests;
				PRODUCT_NAME = "$(TARGET_NAME)";
				SWIFT_VERSION = 5.0;
				TARGETED_DEVICE_FAMILY = "1,2";
				TEST_HOST = "$(BUILT_PRODUCTS_DIR)/BTests.app/BTests";
			};
			name = Debug;
		};
		27564AF32610C64A00754BA2 /* Release */ = {
			isa = XCBuildConfiguration;
			baseConfigurationReference = 4F2E12E90F50A5758B42A3EF /* Pods-BTestsTests.release.xcconfig */;
			buildSettings = {
				ALWAYS_EMBED_SWIFT_STANDARD_LIBRARIES = YES;
				BUNDLE_LOADER = "$(TEST_HOST)";
				CODE_SIGN_STYLE = Automatic;
				DEVELOPMENT_TEAM = 8AA87A4LM2;
				INFOPLIST_FILE = BTestsTests/Info.plist;
				IPHONEOS_DEPLOYMENT_TARGET = 14.3;
				LD_RUNPATH_SEARCH_PATHS = (
					"$(inherited)",
					"@executable_path/Frameworks",
					"@loader_path/Frameworks",
				);
				PRODUCT_BUNDLE_IDENTIFIER = Gashedov.BTestsTests;
				PRODUCT_NAME = "$(TARGET_NAME)";
				SWIFT_VERSION = 5.0;
				TARGETED_DEVICE_FAMILY = "1,2";
				TEST_HOST = "$(BUILT_PRODUCTS_DIR)/BTests.app/BTests";
			};
			name = Release;
		};
		27564AF52610C64A00754BA2 /* Debug */ = {
			isa = XCBuildConfiguration;
			baseConfigurationReference = C0FCE70BDFBA66F00D3A5EBE /* Pods-BTests-BTestsUITests.debug.xcconfig */;
			buildSettings = {
				ALWAYS_EMBED_SWIFT_STANDARD_LIBRARIES = YES;
				CODE_SIGN_STYLE = Automatic;
				DEVELOPMENT_TEAM = 8AA87A4LM2;
				INFOPLIST_FILE = BTestsUITests/Info.plist;
				LD_RUNPATH_SEARCH_PATHS = (
					"$(inherited)",
					"@executable_path/Frameworks",
					"@loader_path/Frameworks",
				);
				PRODUCT_BUNDLE_IDENTIFIER = Gashedov.BTestsUITests;
				PRODUCT_NAME = "$(TARGET_NAME)";
				SWIFT_VERSION = 5.0;
				TARGETED_DEVICE_FAMILY = "1,2";
				TEST_TARGET_NAME = BTests;
			};
			name = Debug;
		};
		27564AF62610C64A00754BA2 /* Release */ = {
			isa = XCBuildConfiguration;
			baseConfigurationReference = 0D88B071E4FE807E65959538 /* Pods-BTests-BTestsUITests.release.xcconfig */;
			buildSettings = {
				ALWAYS_EMBED_SWIFT_STANDARD_LIBRARIES = YES;
				CODE_SIGN_STYLE = Automatic;
				DEVELOPMENT_TEAM = 8AA87A4LM2;
				INFOPLIST_FILE = BTestsUITests/Info.plist;
				LD_RUNPATH_SEARCH_PATHS = (
					"$(inherited)",
					"@executable_path/Frameworks",
					"@loader_path/Frameworks",
				);
				PRODUCT_BUNDLE_IDENTIFIER = Gashedov.BTestsUITests;
				PRODUCT_NAME = "$(TARGET_NAME)";
				SWIFT_VERSION = 5.0;
				TARGETED_DEVICE_FAMILY = "1,2";
				TEST_TARGET_NAME = BTests;
			};
			name = Release;
		};
/* End XCBuildConfiguration section */

/* Begin XCConfigurationList section */
		27564ABF2610C64900754BA2 /* Build configuration list for PBXProject "BTests" */ = {
			isa = XCConfigurationList;
			buildConfigurations = (
				27564AEC2610C64A00754BA2 /* Debug */,
				27564AED2610C64A00754BA2 /* Release */,
			);
			defaultConfigurationIsVisible = 0;
			defaultConfigurationName = Release;
		};
		27564AEE2610C64A00754BA2 /* Build configuration list for PBXNativeTarget "BTests" */ = {
			isa = XCConfigurationList;
			buildConfigurations = (
				27564AEF2610C64A00754BA2 /* Debug */,
				27564AF02610C64A00754BA2 /* Release */,
			);
			defaultConfigurationIsVisible = 0;
			defaultConfigurationName = Release;
		};
		27564AF12610C64A00754BA2 /* Build configuration list for PBXNativeTarget "BTestsTests" */ = {
			isa = XCConfigurationList;
			buildConfigurations = (
				27564AF22610C64A00754BA2 /* Debug */,
				27564AF32610C64A00754BA2 /* Release */,
			);
			defaultConfigurationIsVisible = 0;
			defaultConfigurationName = Release;
		};
		27564AF42610C64A00754BA2 /* Build configuration list for PBXNativeTarget "BTestsUITests" */ = {
			isa = XCConfigurationList;
			buildConfigurations = (
				27564AF52610C64A00754BA2 /* Debug */,
				27564AF62610C64A00754BA2 /* Release */,
			);
			defaultConfigurationIsVisible = 0;
			defaultConfigurationName = Release;
		};
/* End XCConfigurationList section */
	};
	rootObject = 27564ABC2610C64900754BA2 /* Project object */;
}
